
Microsoft Visual Studio Solution File, Format Version 12.00
# Visual Studio Version 16
VisualStudioVersion = 16.0.30717.126
MinimumVisualStudioVersion = 10.0.40219.1
Project("{F2A71F9B-5D33-465A-A702-920D77279786}") = "Aoc.Day1", "Aoc.Day1\Aoc.Day1.fsproj", "{0572C299-C986-4A64-B63A-71815B2A45B0}"
EndProject
Project("{2150E333-8FDC-42A3-9474-1A3956D46DE8}") = "Solution Items", "Solution Items", "{3C6BEE37-9EA8-4A9D-B91A-F784AB097AD1}"
	ProjectSection(SolutionItems) = preProject
		.editorconfig = .editorconfig
		.gitattributes = .gitattributes
		.gitignore = .gitignore
		global.json = global.json
		LICENSE = LICENSE
	EndProjectSection
EndProject
Global
	GlobalSection(SolutionConfigurationPlatforms) = preSolution
		Debug|Any CPU = Debug|Any CPU
		Release|Any CPU = Release|Any CPU
	EndGlobalSection
	GlobalSection(ProjectConfigurationPlatforms) = postSolution
		{0572C299-C986-4A64-B63A-71815B2A45B0}.Debug|Any CPU.ActiveCfg = Debug|Any CPU
		{0572C299-C986-4A64-B63A-71815B2A45B0}.Debug|Any CPU.Build.0 = Debug|Any CPU
		{0572C299-C986-4A64-B63A-71815B2A45B0}.Release|Any CPU.ActiveCfg = Release|Any CPU
		{0572C299-C986-4A64-B63A-71815B2A45B0}.Release|Any CPU.Build.0 = Release|Any CPU
	EndGlobalSection
	GlobalSection(SolutionProperties) = preSolution
		HideSolutionNode = FALSE
	EndGlobalSection
	GlobalSection(ExtensibilityGlobals) = postSolution
		SolutionGuid = {58D52A8E-08CA-4147-93C2-74E7E4F56372}
	EndGlobalSection
EndGlobal
